
Microsoft Visual Studio Solution File, Format Version 12.00
# Visual Studio 15
VisualStudioVersion = 15.0.28307.106
MinimumVisualStudioVersion = 10.0.40219.1
Project("{9A19103F-16F7-4668-BE54-9A1E7A4F7556}") = "idp", "idp\idp.csproj", "{003DE553-19F5-4449-8383-BFA54D489C0D}"
EndProject
Project("{FAE04EC0-301F-11D3-BF4B-00C04F79EFBC}") = "rp", "rp\rp.csproj", "{6CA8F19A-937F-4D90-9956-62EEB01DF72B}"
EndProject
Global
	GlobalSection(SolutionConfigurationPlatforms) = preSolution
		Debug|Any CPU = Debug|Any CPU
		Release|Any CPU = Release|Any CPU
	EndGlobalSection
	GlobalSection(ProjectConfigurationPlatforms) = postSolution
		{003DE553-19F5-4449-8383-BFA54D489C0D}.Debug|Any CPU.ActiveCfg = Debug|Any CPU
		{003DE553-19F5-4449-8383-BFA54D489C0D}.Debug|Any CPU.Build.0 = Debug|Any CPU
		{003DE553-19F5-4449-8383-BFA54D489C0D}.Release|Any CPU.ActiveCfg = Release|Any CPU
		{003DE553-19F5-4449-8383-BFA54D489C0D}.Release|Any CPU.Build.0 = Release|Any CPU
		{6CA8F19A-937F-4D90-9956-62EEB01DF72B}.Debug|Any CPU.ActiveCfg = Debug|Any CPU
		{6CA8F19A-937F-4D90-9956-62EEB01DF72B}.Debug|Any CPU.Build.0 = Debug|Any CPU
		{6CA8F19A-937F-4D90-9956-62EEB01DF72B}.Release|Any CPU.ActiveCfg = Release|Any CPU
		{6CA8F19A-937F-4D90-9956-62EEB01DF72B}.Release|Any CPU.Build.0 = Release|Any CPU
	EndGlobalSection
	GlobalSection(SolutionProperties) = preSolution
		HideSolutionNode = FALSE
	EndGlobalSection
	GlobalSection(ExtensibilityGlobals) = postSolution
		SolutionGuid = {D96255A8-5F7C-4E89-BD19-28920EDBDD00}
	EndGlobalSection
EndGlobal
